# This file is generated by running "yarn install" inside your project.
# Manual changes might be lost - proceed with caution!

__metadata:
  version: 6
  cacheKey: 8

"02-pokeapp@workspace:.":
  version: 0.0.0-use.local
  resolution: "02-pokeapp@workspace:."
  dependencies:
    "@nextui-org/react": 1.0.2-beta.2
    "@types/node": ^20
    "@types/react": ^18
    "@types/react-dom": ^18
    axios: ^1.6.0
    framer-motion: ^10.16.4
    next: 14.0.0
    react: ^18
    react-dom: ^18
    typescript: ^5
  languageName: unknown
  linkType: soft

"@babel/runtime@npm:7.9.6":
  version: 7.9.6
  resolution: "@babel/runtime@npm:7.9.6"
  dependencies:
    regenerator-runtime: ^0.13.4
  checksum: 67cd41b670af1b2c5f7b5f0fb385b025dd645bfea0e43c0a46edf7599f84312383278333d023b9624743c986183076c96fbfeb9f8d302fe79bd134fa669d9a5c
  languageName: node
  linkType: hard

"@emotion/is-prop-valid@npm:^0.8.2":
  version: 0.8.8
  resolution: "@emotion/is-prop-valid@npm:0.8.8"
  dependencies:
    "@emotion/memoize": 0.7.4
  checksum: bb7ec6d48c572c540e24e47cc94fc2f8dec2d6a342ae97bc9c8b6388d9b8d283862672172a1bb62d335c02662afe6291e10c71e9b8642664a8b43416cdceffac
  languageName: node
  linkType: hard

"@emotion/memoize@npm:0.7.4":
  version: 0.7.4
  resolution: "@emotion/memoize@npm:0.7.4"
  checksum: 4e3920d4ec95995657a37beb43d3f4b7d89fed6caa2b173a4c04d10482d089d5c3ea50bbc96618d918b020f26ed6e9c4026bbd45433566576c1f7b056c3271dc
  languageName: node
  linkType: hard

"@next/env@npm:14.0.0":
  version: 14.0.0
  resolution: "@next/env@npm:14.0.0"
  checksum: fdeb7373dd91c694eaa42d1cd0f89e1ee275b11aa07363a5bf9471e0c98424c8998ef3f55db411d52cd264079f926afb0e0168df5d6b3c7f11ea4bf8256584ec
  languageName: node
  linkType: hard

"@next/swc-darwin-arm64@npm:14.0.0":
  version: 14.0.0
  resolution: "@next/swc-darwin-arm64@npm:14.0.0"
  conditions: os=darwin & cpu=arm64
  languageName: node
  linkType: hard

"@next/swc-darwin-x64@npm:14.0.0":
  version: 14.0.0
  resolution: "@next/swc-darwin-x64@npm:14.0.0"
  conditions: os=darwin & cpu=x64
  languageName: node
  linkType: hard

"@next/swc-linux-arm64-gnu@npm:14.0.0":
  version: 14.0.0
  resolution: "@next/swc-linux-arm64-gnu@npm:14.0.0"
  conditions: os=linux & cpu=arm64 & libc=glibc
  languageName: node
  linkType: hard

"@next/swc-linux-arm64-musl@npm:14.0.0":
  version: 14.0.0
  resolution: "@next/swc-linux-arm64-musl@npm:14.0.0"
  conditions: os=linux & cpu=arm64 & libc=musl
  languageName: node
  linkType: hard

"@next/swc-linux-x64-gnu@npm:14.0.0":
  version: 14.0.0
  resolution: "@next/swc-linux-x64-gnu@npm:14.0.0"
  conditions: os=linux & cpu=x64 & libc=glibc
  languageName: node
  linkType: hard

"@next/swc-linux-x64-musl@npm:14.0.0":
  version: 14.0.0
  resolution: "@next/swc-linux-x64-musl@npm:14.0.0"
  conditions: os=linux & cpu=x64 & libc=musl
  languageName: node
  linkType: hard

"@next/swc-win32-arm64-msvc@npm:14.0.0":
  version: 14.0.0
  resolution: "@next/swc-win32-arm64-msvc@npm:14.0.0"
  conditions: os=win32 & cpu=arm64
  languageName: node
  linkType: hard

"@next/swc-win32-ia32-msvc@npm:14.0.0":
  version: 14.0.0
  resolution: "@next/swc-win32-ia32-msvc@npm:14.0.0"
  conditions: os=win32 & cpu=ia32
  languageName: node
  linkType: hard

"@next/swc-win32-x64-msvc@npm:14.0.0":
  version: 14.0.0
  resolution: "@next/swc-win32-x64-msvc@npm:14.0.0"
  conditions: os=win32 & cpu=x64
  languageName: node
  linkType: hard

"@nextui-org/react@npm:1.0.2-beta.2":
  version: 1.0.2-beta.2
  resolution: "@nextui-org/react@npm:1.0.2-beta.2"
  dependencies:
    "@babel/runtime": 7.9.6
    "@stitches/react": 1.2.6
  peerDependencies:
    react: ">=16.8.0"
    react-dom: ">=16.8.0"
  checksum: 44b15bad1fa9b4a45b42dbf00df9c335ead88a2215b18844b402b2fd9fa5fb72c28a6ee30b7bc578b2582bc172d7fb1847679eb306e1177e2a16a36336b266b7
  languageName: node
  linkType: hard

"@stitches/react@npm:1.2.6":
  version: 1.2.6
  resolution: "@stitches/react@npm:1.2.6"
  peerDependencies:
    react: ">= 16.3.0"
  checksum: 416088cdde17a22d6cdb04cf1cf756c6e5fc291dd7e41f82ce422bb95432ad32b6d990e7264d996d367c40bbc674d61be087e4e1f7b23eea7f81ef6266373a9c
  languageName: node
  linkType: hard

"@swc/helpers@npm:0.5.2":
  version: 0.5.2
  resolution: "@swc/helpers@npm:0.5.2"
  dependencies:
    tslib: ^2.4.0
  checksum: 51d7e3d8bd56818c49d6bfbd715f0dbeedc13cf723af41166e45c03e37f109336bbcb57a1f2020f4015957721aeb21e1a7fff281233d797ff7d3dd1f447fa258
  languageName: node
  linkType: hard

"@types/node@npm:^20":
  version: 20.8.9
  resolution: "@types/node@npm:20.8.9"
  dependencies:
    undici-types: ~5.26.4
  checksum: 0c05f3502a9507ff27e91dd6fd574fa6f391b3fafedcfe8e0c8d33351fb22d02c0121f854e5b6b3ecb9a8a468407ddf6e7ac0029fb236d4c7e1361ffc758a01f
  languageName: node
  linkType: hard

"@types/prop-types@npm:*":
  version: 15.7.9
  resolution: "@types/prop-types@npm:15.7.9"
  checksum: c7591d3ff7593e243908a07e1d3e2bb6e8879008af5800d8378115a90d0fdf669a1cae72a6d7f69e59c4fa7bb4c8ed61f6ebc1c520fe110c6f2b03ac02414072
  languageName: node
  linkType: hard

"@types/react-dom@npm:^18":
  version: 18.2.14
  resolution: "@types/react-dom@npm:18.2.14"
  dependencies:
    "@types/react": "*"
  checksum: 890289c70d1966c168037637c09cacefe6205bdd27a33252144a6b432595a2943775ac1a1accac0beddaeb67f8fdf721e076acb1adc990b08e51c3d9fd4e780c
  languageName: node
  linkType: hard

"@types/react@npm:*, @types/react@npm:^18":
  version: 18.2.33
  resolution: "@types/react@npm:18.2.33"
  dependencies:
    "@types/prop-types": "*"
    "@types/scheduler": "*"
    csstype: ^3.0.2
  checksum: 75903c4d53898c69dd23d0b2730eac4676dc5ade15c25c793dec855f0d7c650cb823832bb1dd881efe8895724f15b06d4bf7081ea0b82391aa3059512ad49ccf
  languageName: node
  linkType: hard

"@types/scheduler@npm:*":
  version: 0.16.5
  resolution: "@types/scheduler@npm:0.16.5"
  checksum: 5aae67331bb7877edc65f77f205fb03c3808d9e51c186afe26945ce69f4072886629580a751e9ce8573e4a7538d0dfa1e4ce388c7c451fa689a4c592fdf1ea45
  languageName: node
  linkType: hard

"asynckit@npm:^0.4.0":
  version: 0.4.0
  resolution: "asynckit@npm:0.4.0"
  checksum: 7b78c451df768adba04e2d02e63e2d0bf3b07adcd6e42b4cf665cb7ce899bedd344c69a1dcbce355b5f972d597b25aaa1c1742b52cffd9caccb22f348114f6be
  languageName: node
  linkType: hard

"axios@npm:^1.6.0":
  version: 1.6.0
  resolution: "axios@npm:1.6.0"
  dependencies:
    follow-redirects: ^1.15.0
    form-data: ^4.0.0
    proxy-from-env: ^1.1.0
  checksum: c7c9f2ae9e0b9bad7d6f9a4dff030930b12ee667dedf54c3c776714f91681feb743c509ac0796ae5c01e12c4ab4a2bee74905068dd200fbc1ab86f9814578fb0
  languageName: node
  linkType: hard

"busboy@npm:1.6.0":
  version: 1.6.0
  resolution: "busboy@npm:1.6.0"
  dependencies:
    streamsearch: ^1.1.0
  checksum: 32801e2c0164e12106bf236291a00795c3c4e4b709ae02132883fe8478ba2ae23743b11c5735a0aae8afe65ac4b6ca4568b91f0d9fed1fdbc32ede824a73746e
  languageName: node
  linkType: hard

"caniuse-lite@npm:^1.0.30001406":
  version: 1.0.30001558
  resolution: "caniuse-lite@npm:1.0.30001558"
  checksum: 1bd6ef855a0de6ff052234912910d699e58edabcf2f34848b7df1f97ee40b059bbdf1901ac919d19360a0603e32e2ac30ae89670ceca8f118e750be3280ef5b1
  languageName: node
  linkType: hard

"client-only@npm:0.0.1":
  version: 0.0.1
  resolution: "client-only@npm:0.0.1"
  checksum: 0c16bf660dadb90610553c1d8946a7fdfb81d624adea073b8440b7d795d5b5b08beb3c950c6a2cf16279365a3265158a236876d92bce16423c485c322d7dfaf8
  languageName: node
  linkType: hard

"combined-stream@npm:^1.0.8":
  version: 1.0.8
  resolution: "combined-stream@npm:1.0.8"
  dependencies:
    delayed-stream: ~1.0.0
  checksum: 49fa4aeb4916567e33ea81d088f6584749fc90c7abec76fd516bf1c5aa5c79f3584b5ba3de6b86d26ddd64bae5329c4c7479343250cfe71c75bb366eae53bb7c
  languageName: node
  linkType: hard

"csstype@npm:^3.0.2":
  version: 3.1.2
  resolution: "csstype@npm:3.1.2"
  checksum: e1a52e6c25c1314d6beef5168da704ab29c5186b877c07d822bd0806717d9a265e8493a2e35ca7e68d0f5d472d43fac1cdce70fd79fd0853dff81f3028d857b5
  languageName: node
  linkType: hard

"delayed-stream@npm:~1.0.0":
  version: 1.0.0
  resolution: "delayed-stream@npm:1.0.0"
  checksum: 46fe6e83e2cb1d85ba50bd52803c68be9bd953282fa7096f51fc29edd5d67ff84ff753c51966061e5ba7cb5e47ef6d36a91924eddb7f3f3483b1c560f77a0020
  languageName: node
  linkType: hard

"follow-redirects@npm:^1.15.0":
  version: 1.15.3
  resolution: "follow-redirects@npm:1.15.3"
  peerDependenciesMeta:
    debug:
      optional: true
  checksum: 584da22ec5420c837bd096559ebfb8fe69d82512d5585004e36a3b4a6ef6d5905780e0c74508c7b72f907d1fa2b7bd339e613859e9c304d0dc96af2027fd0231
  languageName: node
  linkType: hard

"form-data@npm:^4.0.0":
  version: 4.0.0
  resolution: "form-data@npm:4.0.0"
  dependencies:
    asynckit: ^0.4.0
    combined-stream: ^1.0.8
    mime-types: ^2.1.12
  checksum: 01135bf8675f9d5c61ff18e2e2932f719ca4de964e3be90ef4c36aacfc7b9cb2fceb5eca0b7e0190e3383fe51c5b37f4cb80b62ca06a99aaabfcfd6ac7c9328c
  languageName: node
  linkType: hard

"framer-motion@npm:^10.16.4":
  version: 10.16.4
  resolution: "framer-motion@npm:10.16.4"
  dependencies:
    "@emotion/is-prop-valid": ^0.8.2
    tslib: ^2.4.0
  peerDependencies:
    react: ^18.0.0
    react-dom: ^18.0.0
  dependenciesMeta:
    "@emotion/is-prop-valid":
      optional: true
  peerDependenciesMeta:
    react:
      optional: true
    react-dom:
      optional: true
  checksum: 57eb252f25a2c4ee14b024295c6a1162a53a05e0321bdb9c8a22ec266fbe777832823eaa0309e42854170fcde16c42915c6c5d0208b628fd000d6fab013c501f
  languageName: node
  linkType: hard

"glob-to-regexp@npm:^0.4.1":
  version: 0.4.1
  resolution: "glob-to-regexp@npm:0.4.1"
  checksum: e795f4e8f06d2a15e86f76e4d92751cf8bbfcf0157cea5c2f0f35678a8195a750b34096b1256e436f0cebc1883b5ff0888c47348443e69546a5a87f9e1eb1167
  languageName: node
  linkType: hard

"graceful-fs@npm:^4.1.2":
  version: 4.2.11
  resolution: "graceful-fs@npm:4.2.11"
  checksum: ac85f94da92d8eb6b7f5a8b20ce65e43d66761c55ce85ac96df6865308390da45a8d3f0296dd3a663de65d30ba497bd46c696cc1e248c72b13d6d567138a4fc7
  languageName: node
  linkType: hard

"js-tokens@npm:^3.0.0 || ^4.0.0":
  version: 4.0.0
  resolution: "js-tokens@npm:4.0.0"
  checksum: 8a95213a5a77deb6cbe94d86340e8d9ace2b93bc367790b260101d2f36a2eaf4e4e22d9fa9cf459b38af3a32fb4190e638024cf82ec95ef708680e405ea7cc78
  languageName: node
  linkType: hard

"loose-envify@npm:^1.1.0":
  version: 1.4.0
  resolution: "loose-envify@npm:1.4.0"
  dependencies:
    js-tokens: ^3.0.0 || ^4.0.0
  bin:
    loose-envify: cli.js
  checksum: 6517e24e0cad87ec9888f500c5b5947032cdfe6ef65e1c1936a0c48a524b81e65542c9c3edc91c97d5bddc806ee2a985dbc79be89215d613b1de5db6d1cfe6f4
  languageName: node
  linkType: hard

"mime-db@npm:1.52.0":
  version: 1.52.0
  resolution: "mime-db@npm:1.52.0"
  checksum: 0d99a03585f8b39d68182803b12ac601d9c01abfa28ec56204fa330bc9f3d1c5e14beb049bafadb3dbdf646dfb94b87e24d4ec7b31b7279ef906a8ea9b6a513f
  languageName: node
  linkType: hard

"mime-types@npm:^2.1.12":
  version: 2.1.35
  resolution: "mime-types@npm:2.1.35"
  dependencies:
    mime-db: 1.52.0
  checksum: 89a5b7f1def9f3af5dad6496c5ed50191ae4331cc5389d7c521c8ad28d5fdad2d06fd81baf38fed813dc4e46bb55c8145bb0ff406330818c9cf712fb2e9b3836
  languageName: node
  linkType: hard

"nanoid@npm:^3.3.6":
  version: 3.3.6
  resolution: "nanoid@npm:3.3.6"
  bin:
    nanoid: bin/nanoid.cjs
  checksum: 7d0eda657002738aa5206107bd0580aead6c95c460ef1bdd0b1a87a9c7ae6277ac2e9b945306aaa5b32c6dcb7feaf462d0f552e7f8b5718abfc6ead5c94a71b3
  languageName: node
  linkType: hard

"next@npm:14.0.0":
  version: 14.0.0
  resolution: "next@npm:14.0.0"
  dependencies:
    "@next/env": 14.0.0
    "@next/swc-darwin-arm64": 14.0.0
    "@next/swc-darwin-x64": 14.0.0
    "@next/swc-linux-arm64-gnu": 14.0.0
    "@next/swc-linux-arm64-musl": 14.0.0
    "@next/swc-linux-x64-gnu": 14.0.0
    "@next/swc-linux-x64-musl": 14.0.0
    "@next/swc-win32-arm64-msvc": 14.0.0
    "@next/swc-win32-ia32-msvc": 14.0.0
    "@next/swc-win32-x64-msvc": 14.0.0
    "@swc/helpers": 0.5.2
    busboy: 1.6.0
    caniuse-lite: ^1.0.30001406
    postcss: 8.4.31
    styled-jsx: 5.1.1
    watchpack: 2.4.0
  peerDependencies:
    "@opentelemetry/api": ^1.1.0
    react: ^18.2.0
    react-dom: ^18.2.0
    sass: ^1.3.0
  dependenciesMeta:
    "@next/swc-darwin-arm64":
      optional: true
    "@next/swc-darwin-x64":
      optional: true
    "@next/swc-linux-arm64-gnu":
      optional: true
    "@next/swc-linux-arm64-musl":
      optional: true
    "@next/swc-linux-x64-gnu":
      optional: true
    "@next/swc-linux-x64-musl":
      optional: true
    "@next/swc-win32-arm64-msvc":
      optional: true
    "@next/swc-win32-ia32-msvc":
      optional: true
    "@next/swc-win32-x64-msvc":
      optional: true
  peerDependenciesMeta:
    "@opentelemetry/api":
      optional: true
    sass:
      optional: true
  bin:
    next: dist/bin/next
  checksum: 57fb661292229a5fd8fefe7ea43e4c255d7c032f5834ee85fae549f1569982c8545a98a2b100187207d611ef715bc50352fb7c67e62e42af4f06b138d4bd5b2e
  languageName: node
  linkType: hard

"picocolors@npm:^1.0.0":
  version: 1.0.0
  resolution: "picocolors@npm:1.0.0"
  checksum: a2e8092dd86c8396bdba9f2b5481032848525b3dc295ce9b57896f931e63fc16f79805144321f72976383fc249584672a75cc18d6777c6b757603f372f745981
  languageName: node
  linkType: hard

"postcss@npm:8.4.31":
  version: 8.4.31
  resolution: "postcss@npm:8.4.31"
  dependencies:
    nanoid: ^3.3.6
    picocolors: ^1.0.0
    source-map-js: ^1.0.2
  checksum: 1d8611341b073143ad90486fcdfeab49edd243377b1f51834dc4f6d028e82ce5190e4f11bb2633276864503654fb7cab28e67abdc0fbf9d1f88cad4a0ff0beea
  languageName: node
  linkType: hard

"proxy-from-env@npm:^1.1.0":
  version: 1.1.0
  resolution: "proxy-from-env@npm:1.1.0"
  checksum: ed7fcc2ba0a33404958e34d95d18638249a68c430e30fcb6c478497d72739ba64ce9810a24f53a7d921d0c065e5b78e3822759800698167256b04659366ca4d4
  languageName: node
  linkType: hard

"react-dom@npm:^18":
  version: 18.2.0
  resolution: "react-dom@npm:18.2.0"
  dependencies:
    loose-envify: ^1.1.0
    scheduler: ^0.23.0
  peerDependencies:
    react: ^18.2.0
  checksum: 7d323310bea3a91be2965f9468d552f201b1c27891e45ddc2d6b8f717680c95a75ae0bc1e3f5cf41472446a2589a75aed4483aee8169287909fcd59ad149e8cc
  languageName: node
  linkType: hard

"react@npm:^18":
  version: 18.2.0
  resolution: "react@npm:18.2.0"
  dependencies:
    loose-envify: ^1.1.0
  checksum: 88e38092da8839b830cda6feef2e8505dec8ace60579e46aa5490fc3dc9bba0bd50336507dc166f43e3afc1c42939c09fe33b25fae889d6f402721dcd78fca1b
  languageName: node
  linkType: hard

"regenerator-runtime@npm:^0.13.4":
  version: 0.13.11
  resolution: "regenerator-runtime@npm:0.13.11"
  checksum: 27481628d22a1c4e3ff551096a683b424242a216fee44685467307f14d58020af1e19660bf2e26064de946bad7eff28950eae9f8209d55723e2d9351e632bbb4
  languageName: node
  linkType: hard

"scheduler@npm:^0.23.0":
  version: 0.23.0
  resolution: "scheduler@npm:0.23.0"
  dependencies:
    loose-envify: ^1.1.0
  checksum: d79192eeaa12abef860c195ea45d37cbf2bbf5f66e3c4dcd16f54a7da53b17788a70d109ee3d3dde1a0fd50e6a8fc171f4300356c5aee4fc0171de526bf35f8a
  languageName: node
  linkType: hard

"source-map-js@npm:^1.0.2":
  version: 1.0.2
  resolution: "source-map-js@npm:1.0.2"
  checksum: c049a7fc4deb9a7e9b481ae3d424cc793cb4845daa690bc5a05d428bf41bf231ced49b4cf0c9e77f9d42fdb3d20d6187619fc586605f5eabe995a316da8d377c
  languageName: node
  linkType: hard

"streamsearch@npm:^1.1.0":
  version: 1.1.0
  resolution: "streamsearch@npm:1.1.0"
  checksum: 1cce16cea8405d7a233d32ca5e00a00169cc0e19fbc02aa839959985f267335d435c07f96e5e0edd0eadc6d39c98d5435fb5bbbdefc62c41834eadc5622ad942
  languageName: node
  linkType: hard

"styled-jsx@npm:5.1.1":
  version: 5.1.1
  resolution: "styled-jsx@npm:5.1.1"
  dependencies:
    client-only: 0.0.1
  peerDependencies:
    react: ">= 16.8.0 || 17.x.x || ^18.0.0-0"
  peerDependenciesMeta:
    "@babel/core":
      optional: true
    babel-plugin-macros:
      optional: true
  checksum: 523a33b38603492547e861b98e29c873939b04e15fbe5ef16132c6f1e15958126647983c7d4675325038b428a5e91183d996e90141b18bdd1bbadf6e2c45b2fa
  languageName: node
  linkType: hard

"tslib@npm:^2.4.0":
  version: 2.6.2
  resolution: "tslib@npm:2.6.2"
  checksum: 329ea56123005922f39642318e3d1f0f8265d1e7fcb92c633e0809521da75eeaca28d2cf96d7248229deb40e5c19adf408259f4b9640afd20d13aecc1430f3ad
  languageName: node
  linkType: hard

"typescript@npm:^5":
  version: 5.2.2
  resolution: "typescript@npm:5.2.2"
  bin:
    tsc: bin/tsc
    tsserver: bin/tsserver
  checksum: 7912821dac4d962d315c36800fe387cdc0a6298dba7ec171b350b4a6e988b51d7b8f051317786db1094bd7431d526b648aba7da8236607febb26cf5b871d2d3c
  languageName: node
  linkType: hard

"typescript@patch:typescript@^5#~builtin<compat/typescript>":
  version: 5.2.2
  resolution: "typescript@patch:typescript@npm%3A5.2.2#~builtin<compat/typescript>::version=5.2.2&hash=14eedb"
  bin:
    tsc: bin/tsc
    tsserver: bin/tsserver
  checksum: 07106822b4305de3f22835cbba949a2b35451cad50888759b6818421290ff95d522b38ef7919e70fb381c5fe9c1c643d7dea22c8b31652a717ddbd57b7f4d554
  languageName: node
  linkType: hard

"undici-types@npm:~5.26.4":
  version: 5.26.5
  resolution: "undici-types@npm:5.26.5"
  checksum: 3192ef6f3fd5df652f2dc1cd782b49d6ff14dc98e5dced492aa8a8c65425227da5da6aafe22523c67f035a272c599bb89cfe803c1db6311e44bed3042fc25487
  languageName: node
  linkType: hard

"watchpack@npm:2.4.0":
  version: 2.4.0
  resolution: "watchpack@npm:2.4.0"
  dependencies:
    glob-to-regexp: ^0.4.1
    graceful-fs: ^4.1.2
  checksum: 23d4bc58634dbe13b86093e01c6a68d8096028b664ab7139d58f0c37d962d549a940e98f2f201cecdabd6f9c340338dc73ef8bf094a2249ef582f35183d1a131
  languageName: node
  linkType: hard
